<?xml version="1.0" encoding="UTF-8"?>
<Project ToolsVersion="12.0" xmlns="http://schemas.microsoft.com/developer/msbuild/2003">
  <ItemGroup>
    <ClCompile Include="D:\work_xing\project\eview-commondriver\source\drivers\simenss7drv\nodave.cpp">
      <Filter>Source Files</Filter>
    </ClCompile>
    <ClCompile Include="D:\work_xing\project\eview-commondriver\source\drivers\simenss7drv\nodave_TCP.cpp">
      <Filter>Source Files</Filter>
    </ClCompile>
    <ClCompile Include="D:\work_xing\project\eview-commondriver\source\drivers\simenss7drv\nodave_PPI.cpp">
      <Filter>Source Files</Filter>
    </ClCompile>
    <ClCompile Include="D:\work_xing\project\eview-commondriver\source\drivers\simenss7drv\nodave_MPI.cpp">
      <Filter>Source Files</Filter>
    </ClCompile>
    <ClCompile Include="D:\work_xing\project\eview-commondriver\source\drivers\simenss7drv\nodave_MPI2.cpp">
      <Filter>Source Files</Filter>
    </ClCompile>
    <ClCompile Include="D:\work_xing\project\eview-commondriver\source\drivers\simenss7drv\nodave_MPI3.cpp">
      <Filter>Source Files</Filter>
    </ClCompile>
    <ClCompile Include="D:\work_xing\project\eview-commondriver\source\drivers\simenss7drv\protoIBH.c">
      <Filter>Source Files</Filter>
    </ClCompile>
    <ClCompile Include="D:\work_xing\project\eview-commondriver\source\drivers\simenss7drv\protoNLPro.c">
      <Filter>Source Files</Filter>
    </ClCompile>
    <ClCompile Include="D:\work_xing\project\eview-commondriver\source\drivers\simenss7drv\AutoGroup_BlkDev.cpp">
      <Filter>Source Files</Filter>
    </ClCompile>
    <ClCompile Include="D:\work_xing\project\eview-commondriver\source\drivers\simenss7drv\S7Drv.cpp">
      <Filter>Source Files</Filter>
    </ClCompile>
    <ClCompile Include="D:\work_xing\project\eview-commondriver\source\drivers\simenss7drv\openS7online.c">
      <Filter>Source Files</Filter>
    </ClCompile>
    <ClCompile Include="D:\work_xing\project\eview-commondriver\source\drivers\simenss7drv\S7Device.cpp">
      <Filter>Source Files</Filter>
    </ClCompile>
  </ItemGroup>
  <ItemGroup>
    <CustomBuild Include="D:\work_xing\project\eview-commondriver\source\drivers\simenss7drv\CMakeLists.txt" />
  </ItemGroup>
  <ItemGroup>
    <ResourceCompile Include="D:\work_xing\project\eview-commondriver\cmake-temp\drivers\simenss7drv\version.rc">
      <Filter>Source Files</Filter>
    </ResourceCompile>
  </ItemGroup>
  <ItemGroup>
    <Filter Include="Source Files">
      <UniqueIdentifier>{FE3D8789-B4F5-3D85-BA37-B622A5AAF7A0}</UniqueIdentifier>
    </Filter>
  </ItemGroup>
</Project>
